
Microsoft Visual Studio Solution File, Format Version 12.00
# Visual Studio Version 17
VisualStudioVersion = 17.4.33213.308
MinimumVisualStudioVersion = 10.0.40219.1
Project("{FAE04EC0-301F-11D3-BF4B-00C04F79EFBC}") = "THE_APPLICATION", "THE_APPLICATION\THE_APPLICATION.csproj", "{F7409731-5F67-4265-87F4-BB79E75282AA}"
EndProject
Project("{FAE04EC0-301F-11D3-BF4B-00C04F79EFBC}") = "Access", "Access\Access.csproj", "{3AA0CA9D-FF70-496E-9556-15884553A121}"
EndProject
Project("{FAE04EC0-301F-11D3-BF4B-00C04F79EFBC}") = "Excel Export", "Excel Export.\Excel Export.csproj", "{CC165D1B-6A94-404F-8E9E-62613928DDB1}"
EndProject
Global
	GlobalSection(SolutionConfigurationPlatforms) = preSolution
		Debug|Any CPU = Debug|Any CPU
		Release|Any CPU = Release|Any CPU
	EndGlobalSection
	GlobalSection(ProjectConfigurationPlatforms) = postSolution
		{F7409731-5F67-4265-87F4-BB79E75282AA}.Debug|Any CPU.ActiveCfg = Debug|Any CPU
		{F7409731-5F67-4265-87F4-BB79E75282AA}.Debug|Any CPU.Build.0 = Debug|Any CPU
		{F7409731-5F67-4265-87F4-BB79E75282AA}.Release|Any CPU.ActiveCfg = Release|Any CPU
		{F7409731-5F67-4265-87F4-BB79E75282AA}.Release|Any CPU.Build.0 = Release|Any CPU
		{3AA0CA9D-FF70-496E-9556-15884553A121}.Debug|Any CPU.ActiveCfg = Debug|Any CPU
		{3AA0CA9D-FF70-496E-9556-15884553A121}.Debug|Any CPU.Build.0 = Debug|Any CPU
		{3AA0CA9D-FF70-496E-9556-15884553A121}.Release|Any CPU.ActiveCfg = Release|Any CPU
		{3AA0CA9D-FF70-496E-9556-15884553A121}.Release|Any CPU.Build.0 = Release|Any CPU
		{CC165D1B-6A94-404F-8E9E-62613928DDB1}.Debug|Any CPU.ActiveCfg = Debug|Any CPU
		{CC165D1B-6A94-404F-8E9E-62613928DDB1}.Debug|Any CPU.Build.0 = Debug|Any CPU
		{CC165D1B-6A94-404F-8E9E-62613928DDB1}.Release|Any CPU.ActiveCfg = Release|Any CPU
		{CC165D1B-6A94-404F-8E9E-62613928DDB1}.Release|Any CPU.Build.0 = Release|Any CPU
	EndGlobalSection
	GlobalSection(SolutionProperties) = preSolution
		HideSolutionNode = FALSE
	EndGlobalSection
	GlobalSection(ExtensibilityGlobals) = postSolution
		SolutionGuid = {841C6AB2-4F8C-48F3-99F0-AC14329821B4}
	EndGlobalSection
EndGlobal
